
Microsoft Visual Studio Solution File, Format Version 12.00
# Visual Studio Version 16
VisualStudioVersion = 16.0.29709.97
MinimumVisualStudioVersion = 10.0.40219.1
Project("{9A19103F-16F7-4668-BE54-9A1E7A4F7556}") = "XeonProject", "XeonProject\XeonProject.csproj", "{DEBEB183-C24B-4A48-B1D0-E1D3E0CAA20D}"
EndProject
Project("{9A19103F-16F7-4668-BE54-9A1E7A4F7556}") = "XeonCore", "XeonCore\XeonCore.csproj", "{F2B249D9-0627-4A18-B4F9-AB160BA02559}"
EndProject
Project("{9A19103F-16F7-4668-BE54-9A1E7A4F7556}") = "XeonStorage", "XeonStorage\XeonStorage.csproj", "{04270FFD-5029-443A-856F-910E7E7410CC}"
EndProject
Project("{9A19103F-16F7-4668-BE54-9A1E7A4F7556}") = "XeonCommon", "XeonCommon\XeonCommon.csproj", "{030C364E-8C4B-47D7-8508-ED528D1F9243}"
EndProject
Global
	GlobalSection(SolutionConfigurationPlatforms) = preSolution
		Debug|Any CPU = Debug|Any CPU
		Debug|x64 = Debug|x64
		Release|Any CPU = Release|Any CPU
		Release|x64 = Release|x64
	EndGlobalSection
	GlobalSection(ProjectConfigurationPlatforms) = postSolution
		{DEBEB183-C24B-4A48-B1D0-E1D3E0CAA20D}.Debug|Any CPU.ActiveCfg = Debug|Any CPU
		{DEBEB183-C24B-4A48-B1D0-E1D3E0CAA20D}.Debug|Any CPU.Build.0 = Debug|Any CPU
		{DEBEB183-C24B-4A48-B1D0-E1D3E0CAA20D}.Debug|x64.ActiveCfg = Debug|x64
		{DEBEB183-C24B-4A48-B1D0-E1D3E0CAA20D}.Debug|x64.Build.0 = Debug|x64
		{DEBEB183-C24B-4A48-B1D0-E1D3E0CAA20D}.Release|Any CPU.ActiveCfg = Release|Any CPU
		{DEBEB183-C24B-4A48-B1D0-E1D3E0CAA20D}.Release|Any CPU.Build.0 = Release|Any CPU
		{DEBEB183-C24B-4A48-B1D0-E1D3E0CAA20D}.Release|x64.ActiveCfg = Release|x64
		{DEBEB183-C24B-4A48-B1D0-E1D3E0CAA20D}.Release|x64.Build.0 = Release|x64
		{F2B249D9-0627-4A18-B4F9-AB160BA02559}.Debug|Any CPU.ActiveCfg = Debug|Any CPU
		{F2B249D9-0627-4A18-B4F9-AB160BA02559}.Debug|Any CPU.Build.0 = Debug|Any CPU
		{F2B249D9-0627-4A18-B4F9-AB160BA02559}.Debug|x64.ActiveCfg = Debug|x64
		{F2B249D9-0627-4A18-B4F9-AB160BA02559}.Debug|x64.Build.0 = Debug|x64
		{F2B249D9-0627-4A18-B4F9-AB160BA02559}.Release|Any CPU.ActiveCfg = Release|Any CPU
		{F2B249D9-0627-4A18-B4F9-AB160BA02559}.Release|Any CPU.Build.0 = Release|Any CPU
		{F2B249D9-0627-4A18-B4F9-AB160BA02559}.Release|x64.ActiveCfg = Release|x64
		{F2B249D9-0627-4A18-B4F9-AB160BA02559}.Release|x64.Build.0 = Release|x64
		{04270FFD-5029-443A-856F-910E7E7410CC}.Debug|Any CPU.ActiveCfg = Debug|Any CPU
		{04270FFD-5029-443A-856F-910E7E7410CC}.Debug|Any CPU.Build.0 = Debug|Any CPU
		{04270FFD-5029-443A-856F-910E7E7410CC}.Debug|x64.ActiveCfg = Debug|x64
		{04270FFD-5029-443A-856F-910E7E7410CC}.Debug|x64.Build.0 = Debug|x64
		{04270FFD-5029-443A-856F-910E7E7410CC}.Release|Any CPU.ActiveCfg = Release|Any CPU
		{04270FFD-5029-443A-856F-910E7E7410CC}.Release|Any CPU.Build.0 = Release|Any CPU
		{04270FFD-5029-443A-856F-910E7E7410CC}.Release|x64.ActiveCfg = Release|x64
		{04270FFD-5029-443A-856F-910E7E7410CC}.Release|x64.Build.0 = Release|x64
		{030C364E-8C4B-47D7-8508-ED528D1F9243}.Debug|Any CPU.ActiveCfg = Debug|Any CPU
		{030C364E-8C4B-47D7-8508-ED528D1F9243}.Debug|Any CPU.Build.0 = Debug|Any CPU
		{030C364E-8C4B-47D7-8508-ED528D1F9243}.Debug|x64.ActiveCfg = Debug|x64
		{030C364E-8C4B-47D7-8508-ED528D1F9243}.Debug|x64.Build.0 = Debug|x64
		{030C364E-8C4B-47D7-8508-ED528D1F9243}.Release|Any CPU.ActiveCfg = Release|Any CPU
		{030C364E-8C4B-47D7-8508-ED528D1F9243}.Release|Any CPU.Build.0 = Release|Any CPU
		{030C364E-8C4B-47D7-8508-ED528D1F9243}.Release|x64.ActiveCfg = Release|x64
		{030C364E-8C4B-47D7-8508-ED528D1F9243}.Release|x64.Build.0 = Release|x64
	EndGlobalSection
	GlobalSection(SolutionProperties) = preSolution
		HideSolutionNode = FALSE
	EndGlobalSection
	GlobalSection(ExtensibilityGlobals) = postSolution
		SolutionGuid = {1343EB66-E83D-4A1E-8DAA-3A65573D9BCD}
	EndGlobalSection
EndGlobal
